<?xml version="1.0" encoding="utf-8"?>
<Project ToolsVersion="4.0" xmlns="http://schemas.microsoft.com/developer/msbuild/2003">
  <ItemGroup>
    <ClCompile Include="src\ofApp.cpp">
      <Filter>src</Filter>
    </ClCompile>
    <ClCompile Include="src\main.cpp">
      <Filter>src</Filter>
    </ClCompile>
    <ClCompile Include="src\main.cpp">
      <Filter>src</Filter>
    </ClCompile>
    <ClCompile Include="src\ofApp.cpp">
      <Filter>src</Filter>
    </ClCompile>
    <ClCompile Include="..\..\..\ExternalAddons\ofxSocketIO\src\ofxSocketIO.cpp">
      <Filter>local_addons\ofxSocketIO\src</Filter>
    </ClCompile>
    <ClCompile Include="..\..\..\ExternalAddons\ofxSocketIO\src\ofxSocketIOData.cpp">
      <Filter>local_addons\ofxSocketIO\src</Filter>
    </ClCompile>
  </ItemGroup>
  <ItemGroup>
    <Filter Include="src">
      <UniqueIdentifier>{d8376475-7454-4a24-b08a-aac121d3ad6f}</UniqueIdentifier>
    </Filter>
    <Filter Include="local_addons">
      <UniqueIdentifier>{DE6745C7-E99D-D8E0-F77D-C032}</UniqueIdentifier>
    </Filter>
    <Filter Include="local_addons\ofxSocketIO">
      <UniqueIdentifier>{93680999-84C6-E461-52EA-6EB3}</UniqueIdentifier>
    </Filter>
    <Filter Include="local_addons\ofxSocketIO\src">
      <UniqueIdentifier>{107667B8-B141-F6D9-5C46-E63B}</UniqueIdentifier>
    </Filter>
  </ItemGroup>
  <ItemGroup>
    <ClInclude Include="src\ofApp.h">
      <Filter>src</Filter>
    </ClInclude>
    <ClInclude Include="src\ofApp.h">
      <Filter>src</Filter>
    </ClInclude>
    <ClInclude Include="..\..\..\ExternalAddons\ofxSocketIO\src\ofxSocketIO.h">
      <Filter>local_addons\ofxSocketIO\src</Filter>
    </ClInclude>
    <ClInclude Include="..\..\..\ExternalAddons\ofxSocketIO\src\ofxSocketIOData.h">
      <Filter>local_addons\ofxSocketIO\src</Filter>
    </ClInclude>
  </ItemGroup>
  <ItemGroup>
    <ResourceCompile Include="icon.rc" />
  </ItemGroup>
</Project>